
Microsoft Visual Studio Solution File, Format Version 12.00
# Visual Studio Version 17
VisualStudioVersion = 17.5.002.0
MinimumVisualStudioVersion = 10.0.40219.1
Project("{9A19103F-16F7-4668-BE54-9A1E7A4F7556}") = "USERSERVICE", "USERSERVICE.csproj", "{EEC4B2B4-8360-443A-9B04-2A60EF71DC5B}"
EndProject
Global
	GlobalSection(SolutionConfigurationPlatforms) = preSolution
		Debug|Any CPU = Debug|Any CPU
		Release|Any CPU = Release|Any CPU
	EndGlobalSection
	GlobalSection(ProjectConfigurationPlatforms) = postSolution
		{EEC4B2B4-8360-443A-9B04-2A60EF71DC5B}.Debug|Any CPU.ActiveCfg = Debug|Any CPU
		{EEC4B2B4-8360-443A-9B04-2A60EF71DC5B}.Debug|Any CPU.Build.0 = Debug|Any CPU
		{EEC4B2B4-8360-443A-9B04-2A60EF71DC5B}.Release|Any CPU.ActiveCfg = Release|Any CPU
		{EEC4B2B4-8360-443A-9B04-2A60EF71DC5B}.Release|Any CPU.Build.0 = Release|Any CPU
	EndGlobalSection
	GlobalSection(SolutionProperties) = preSolution
		HideSolutionNode = FALSE
	EndGlobalSection
	GlobalSection(ExtensibilityGlobals) = postSolution
		SolutionGuid = {58838242-D7B0-46C9-9D88-B2E44473807C}
	EndGlobalSection
EndGlobal
